
Microsoft Visual Studio Solution File, Format Version 12.00
# Visual Studio Version 17
VisualStudioVersion = 17.4.33403.182
MinimumVisualStudioVersion = 10.0.40219.1
Project("{FAE04EC0-301F-11D3-BF4B-00C04F79EFBC}") = "Auction-Scrapper", "Auction-Scrapper\Auction-Scrapper.csproj", "{D6311A3F-CA5E-44E4-AA19-7A664C7EAD59}"
EndProject
Global
	GlobalSection(SolutionConfigurationPlatforms) = preSolution
		Debug|Any CPU = Debug|Any CPU
		Release|Any CPU = Release|Any CPU
	EndGlobalSection
	GlobalSection(ProjectConfigurationPlatforms) = postSolution
		{D6311A3F-CA5E-44E4-AA19-7A664C7EAD59}.Debug|Any CPU.ActiveCfg = Debug|Any CPU
		{D6311A3F-CA5E-44E4-AA19-7A664C7EAD59}.Debug|Any CPU.Build.0 = Debug|Any CPU
		{D6311A3F-CA5E-44E4-AA19-7A664C7EAD59}.Release|Any CPU.ActiveCfg = Release|Any CPU
		{D6311A3F-CA5E-44E4-AA19-7A664C7EAD59}.Release|Any CPU.Build.0 = Release|Any CPU
	EndGlobalSection
	GlobalSection(SolutionProperties) = preSolution
		HideSolutionNode = FALSE
	EndGlobalSection
	GlobalSection(ExtensibilityGlobals) = postSolution
		SolutionGuid = {306AE41C-9138-4640-B1D0-823FC763892B}
	EndGlobalSection
EndGlobal
